
Microsoft Visual Studio Solution File, Format Version 12.00
# Visual Studio Version 17
VisualStudioVersion = 17.5.002.0
MinimumVisualStudioVersion = 10.0.40219.1
Project("{2150E333-8FDC-42A3-9474-1A3956D46DE8}") = "C#CriandoSuaPrimeiraAplicacao", "C#CriandoSuaPrimeiraAplicacao", "{FC145781-F8E8-450E-991C-E81A91F6AF8B}"
EndProject
Project("{9A19103F-16F7-4668-BE54-9A1E7A4F7556}") = "ScreenSound", "C#CriandoSuaPrimeiraAplicacao\ScreenSound\ScreenSound.csproj", "{4DE6C866-F664-4F02-A1A6-B687C4091F56}"
EndProject
Project("{2150E333-8FDC-42A3-9474-1A3956D46DE8}") = "Desafios", "Desafios", "{6A7F6CA9-1581-4422-B596-C1AC195611BA}"
EndProject
Project("{9A19103F-16F7-4668-BE54-9A1E7A4F7556}") = "1-CriandoOPrimeiroPrograma", "C#CriandoSuaPrimeiraAplicacao\Desafios\1-CriandoOPrimeiroPrograma\1-CriandoOPrimeiroPrograma.csproj", "{66DCA65C-A5D3-48C5-A71E-2BD72182051D}"
EndProject
Project("{2150E333-8FDC-42A3-9474-1A3956D46DE8}") = "C#AplicandoOrientacaoObjetos", "C#AplicandoOrientacaoObjetos", "{45639A71-3AE6-4974-84A0-ED91252C20E7}"
EndProject
Project("{2150E333-8FDC-42A3-9474-1A3956D46DE8}") = "Desafios", "Desafios", "{6E026C53-8FDE-496B-9EC3-CDCD4C093264}"
EndProject
Project("{2150E333-8FDC-42A3-9474-1A3956D46DE8}") = "DesafioContaBancaria", "DesafioContaBancaria", "{AAB2A522-DB27-4F14-A788-D63839F6C438}"
EndProject
Project("{FAE04EC0-301F-11D3-BF4B-00C04F79EFBC}") = "DesafioContaBancaria", "C#AplicandoOrientacaoObjetos\Desafios\DesafioContaBancaria\DesafioContaBancaria.csproj", "{8392F33C-C93C-4D42-8F3C-D36EA93E6BAF}"
EndProject
Project("{2150E333-8FDC-42A3-9474-1A3956D46DE8}") = "secao3", "secao3", "{AB290BBB-A3E1-4079-9055-248AAC634E98}"
EndProject
Project("{FAE04EC0-301F-11D3-BF4B-00C04F79EFBC}") = "secao3", "C#AplicandoOrientacaoObjetos\Desafios\secao3\secao3.csproj", "{63DC9129-FC50-473C-9598-E83D5A1CDFA1}"
EndProject
Project("{2150E333-8FDC-42A3-9474-1A3956D46DE8}") = "ScreenSound", "ScreenSound", "{3756B58D-9D64-4914-BE34-EF72F10097C4}"
EndProject
Project("{FAE04EC0-301F-11D3-BF4B-00C04F79EFBC}") = "ScreenSound", "C#AplicandoOrientacaoObjetos\ScreenSound\ScreenSound.csproj", "{B965EDFF-51DE-403A-B401-EA4CF6CAFDEA}"
EndProject
Project("{FAE04EC0-301F-11D3-BF4B-00C04F79EFBC}") = "2-TiposFuncoesC#", "C#CriandoSuaPrimeiraAplicacao\Desafios\2-TiposFuncoesC#\2-TiposFuncoesC#.csproj", "{3C6BA096-DB85-4A95-AE28-40271AE930C6}"
EndProject
Project("{FAE04EC0-301F-11D3-BF4B-00C04F79EFBC}") = "3-ListasLoopsC#", "C#CriandoSuaPrimeiraAplicacao\Desafios\3-ListasLoopsC#\3-ListasLoopsC#.csproj", "{3A2C3B10-EA4E-467D-B187-31DFF62A4D85}"
EndProject
Project("{FAE04EC0-301F-11D3-BF4B-00C04F79EFBC}") = "4-DicionarioAvaliacaoBanda", "C#CriandoSuaPrimeiraAplicacao\Desafios\4-DicionarioAvaliacaoBanda\4-DicionarioAvaliacaoBanda.csproj", "{55180D59-B0CC-4756-9DD4-69A040EB9B7B}"
EndProject
Project("{2150E333-8FDC-42A3-9474-1A3956D46DE8}") = "FacaComoEuFiz", "FacaComoEuFiz", "{3F1D05A7-4413-4142-8480-D01D4A57F86C}"
EndProject
Project("{FAE04EC0-301F-11D3-BF4B-00C04F79EFBC}") = "PrimeiroJogoC#", "C#CriandoSuaPrimeiraAplicacao\FacaComoEuFiz\PrimeiroJogoC#\PrimeiroJogoC#.csproj", "{4C8CF7AF-2204-4404-8DDA-51CAE8ECD4DE}"
EndProject
Global
	GlobalSection(SolutionConfigurationPlatforms) = preSolution
		Debug|Any CPU = Debug|Any CPU
		Release|Any CPU = Release|Any CPU
	EndGlobalSection
	GlobalSection(ProjectConfigurationPlatforms) = postSolution
		{4DE6C866-F664-4F02-A1A6-B687C4091F56}.Debug|Any CPU.ActiveCfg = Debug|Any CPU
		{4DE6C866-F664-4F02-A1A6-B687C4091F56}.Debug|Any CPU.Build.0 = Debug|Any CPU
		{4DE6C866-F664-4F02-A1A6-B687C4091F56}.Release|Any CPU.ActiveCfg = Release|Any CPU
		{4DE6C866-F664-4F02-A1A6-B687C4091F56}.Release|Any CPU.Build.0 = Release|Any CPU
		{66DCA65C-A5D3-48C5-A71E-2BD72182051D}.Debug|Any CPU.ActiveCfg = Debug|Any CPU
		{66DCA65C-A5D3-48C5-A71E-2BD72182051D}.Debug|Any CPU.Build.0 = Debug|Any CPU
		{66DCA65C-A5D3-48C5-A71E-2BD72182051D}.Release|Any CPU.ActiveCfg = Release|Any CPU
		{66DCA65C-A5D3-48C5-A71E-2BD72182051D}.Release|Any CPU.Build.0 = Release|Any CPU
		{8392F33C-C93C-4D42-8F3C-D36EA93E6BAF}.Debug|Any CPU.ActiveCfg = Debug|Any CPU
		{8392F33C-C93C-4D42-8F3C-D36EA93E6BAF}.Debug|Any CPU.Build.0 = Debug|Any CPU
		{8392F33C-C93C-4D42-8F3C-D36EA93E6BAF}.Release|Any CPU.ActiveCfg = Release|Any CPU
		{8392F33C-C93C-4D42-8F3C-D36EA93E6BAF}.Release|Any CPU.Build.0 = Release|Any CPU
		{63DC9129-FC50-473C-9598-E83D5A1CDFA1}.Debug|Any CPU.ActiveCfg = Debug|Any CPU
		{63DC9129-FC50-473C-9598-E83D5A1CDFA1}.Debug|Any CPU.Build.0 = Debug|Any CPU
		{63DC9129-FC50-473C-9598-E83D5A1CDFA1}.Release|Any CPU.ActiveCfg = Release|Any CPU
		{63DC9129-FC50-473C-9598-E83D5A1CDFA1}.Release|Any CPU.Build.0 = Release|Any CPU
		{B965EDFF-51DE-403A-B401-EA4CF6CAFDEA}.Debug|Any CPU.ActiveCfg = Debug|Any CPU
		{B965EDFF-51DE-403A-B401-EA4CF6CAFDEA}.Debug|Any CPU.Build.0 = Debug|Any CPU
		{B965EDFF-51DE-403A-B401-EA4CF6CAFDEA}.Release|Any CPU.ActiveCfg = Release|Any CPU
		{B965EDFF-51DE-403A-B401-EA4CF6CAFDEA}.Release|Any CPU.Build.0 = Release|Any CPU
		{3C6BA096-DB85-4A95-AE28-40271AE930C6}.Debug|Any CPU.ActiveCfg = Debug|Any CPU
		{3C6BA096-DB85-4A95-AE28-40271AE930C6}.Debug|Any CPU.Build.0 = Debug|Any CPU
		{3C6BA096-DB85-4A95-AE28-40271AE930C6}.Release|Any CPU.ActiveCfg = Release|Any CPU
		{3C6BA096-DB85-4A95-AE28-40271AE930C6}.Release|Any CPU.Build.0 = Release|Any CPU
		{3A2C3B10-EA4E-467D-B187-31DFF62A4D85}.Debug|Any CPU.ActiveCfg = Debug|Any CPU
		{3A2C3B10-EA4E-467D-B187-31DFF62A4D85}.Debug|Any CPU.Build.0 = Debug|Any CPU
		{3A2C3B10-EA4E-467D-B187-31DFF62A4D85}.Release|Any CPU.ActiveCfg = Release|Any CPU
		{3A2C3B10-EA4E-467D-B187-31DFF62A4D85}.Release|Any CPU.Build.0 = Release|Any CPU
		{55180D59-B0CC-4756-9DD4-69A040EB9B7B}.Debug|Any CPU.ActiveCfg = Debug|Any CPU
		{55180D59-B0CC-4756-9DD4-69A040EB9B7B}.Debug|Any CPU.Build.0 = Debug|Any CPU
		{55180D59-B0CC-4756-9DD4-69A040EB9B7B}.Release|Any CPU.ActiveCfg = Release|Any CPU
		{55180D59-B0CC-4756-9DD4-69A040EB9B7B}.Release|Any CPU.Build.0 = Release|Any CPU
		{4C8CF7AF-2204-4404-8DDA-51CAE8ECD4DE}.Debug|Any CPU.ActiveCfg = Debug|Any CPU
		{4C8CF7AF-2204-4404-8DDA-51CAE8ECD4DE}.Debug|Any CPU.Build.0 = Debug|Any CPU
		{4C8CF7AF-2204-4404-8DDA-51CAE8ECD4DE}.Release|Any CPU.ActiveCfg = Release|Any CPU
		{4C8CF7AF-2204-4404-8DDA-51CAE8ECD4DE}.Release|Any CPU.Build.0 = Release|Any CPU
	EndGlobalSection
	GlobalSection(SolutionProperties) = preSolution
		HideSolutionNode = FALSE
	EndGlobalSection
	GlobalSection(NestedProjects) = preSolution
		{4DE6C866-F664-4F02-A1A6-B687C4091F56} = {FC145781-F8E8-450E-991C-E81A91F6AF8B}
		{6A7F6CA9-1581-4422-B596-C1AC195611BA} = {FC145781-F8E8-450E-991C-E81A91F6AF8B}
		{66DCA65C-A5D3-48C5-A71E-2BD72182051D} = {6A7F6CA9-1581-4422-B596-C1AC195611BA}
		{6E026C53-8FDE-496B-9EC3-CDCD4C093264} = {45639A71-3AE6-4974-84A0-ED91252C20E7}
		{AAB2A522-DB27-4F14-A788-D63839F6C438} = {6E026C53-8FDE-496B-9EC3-CDCD4C093264}
		{8392F33C-C93C-4D42-8F3C-D36EA93E6BAF} = {AAB2A522-DB27-4F14-A788-D63839F6C438}
		{AB290BBB-A3E1-4079-9055-248AAC634E98} = {6E026C53-8FDE-496B-9EC3-CDCD4C093264}
		{63DC9129-FC50-473C-9598-E83D5A1CDFA1} = {AB290BBB-A3E1-4079-9055-248AAC634E98}
		{3756B58D-9D64-4914-BE34-EF72F10097C4} = {45639A71-3AE6-4974-84A0-ED91252C20E7}
		{B965EDFF-51DE-403A-B401-EA4CF6CAFDEA} = {3756B58D-9D64-4914-BE34-EF72F10097C4}
		{3C6BA096-DB85-4A95-AE28-40271AE930C6} = {6A7F6CA9-1581-4422-B596-C1AC195611BA}
		{3A2C3B10-EA4E-467D-B187-31DFF62A4D85} = {6A7F6CA9-1581-4422-B596-C1AC195611BA}
		{55180D59-B0CC-4756-9DD4-69A040EB9B7B} = {6A7F6CA9-1581-4422-B596-C1AC195611BA}
		{3F1D05A7-4413-4142-8480-D01D4A57F86C} = {FC145781-F8E8-450E-991C-E81A91F6AF8B}
		{4C8CF7AF-2204-4404-8DDA-51CAE8ECD4DE} = {3F1D05A7-4413-4142-8480-D01D4A57F86C}
	EndGlobalSection
	GlobalSection(ExtensibilityGlobals) = postSolution
		SolutionGuid = {0B22830A-390C-4916-A12A-B28F2F7964DD}
	EndGlobalSection
EndGlobal
